
Microsoft Visual Studio Solution File, Format Version 12.00
# Visual Studio Version 16
VisualStudioVersion = 16.0.31112.23
MinimumVisualStudioVersion = 10.0.40219.1
Project("{FAE04EC0-301F-11D3-BF4B-00C04F79EFBC}") = "RazorPage-uppgift", "RazorPage-uppgift\RazorPage-uppgift.csproj", "{487B695E-5B43-42C7-BC52-5847325C420C}"
EndProject
Global
	GlobalSection(SolutionConfigurationPlatforms) = preSolution
		Debug|Any CPU = Debug|Any CPU
		Release|Any CPU = Release|Any CPU
	EndGlobalSection
	GlobalSection(ProjectConfigurationPlatforms) = postSolution
		{487B695E-5B43-42C7-BC52-5847325C420C}.Debug|Any CPU.ActiveCfg = Debug|Any CPU
		{487B695E-5B43-42C7-BC52-5847325C420C}.Debug|Any CPU.Build.0 = Debug|Any CPU
		{487B695E-5B43-42C7-BC52-5847325C420C}.Release|Any CPU.ActiveCfg = Release|Any CPU
		{487B695E-5B43-42C7-BC52-5847325C420C}.Release|Any CPU.Build.0 = Release|Any CPU
	EndGlobalSection
	GlobalSection(SolutionProperties) = preSolution
		HideSolutionNode = FALSE
	EndGlobalSection
	GlobalSection(ExtensibilityGlobals) = postSolution
		SolutionGuid = {B4ED1975-FEDA-4EA7-B8EA-F7471499208A}
	EndGlobalSection
EndGlobal
